// !$*UTF8*$!
{
	archiveVersion = 1;
	classes = {
	};
	objectVersion = 50;
	objects = {

/* Begin PBXBuildFile section */
		1A0BC7882602279B0046A146 /* HealthComponentTests.swift in Sources */ = {isa = PBXBuildFile; fileRef = 1A0BC7872602279B0046A146 /* HealthComponentTests.swift */; };
		1A28D4B4260392880099C03C /* AnimateCharacter.swift in Sources */ = {isa = PBXBuildFile; fileRef = 1A28D4B3260392880099C03C /* AnimateCharacter.swift */; };
		1A28D4B9260396160099C03C /* AnimationCharacterComponentTests.swift in Sources */ = {isa = PBXBuildFile; fileRef = 1A28D4B8260396160099C03C /* AnimationCharacterComponentTests.swift */; };
		1A8381762604E35C007E251E /* CharacterEntityTests.swift in Sources */ = {isa = PBXBuildFile; fileRef = 1A8381752604E35C007E251E /* CharacterEntityTests.swift */; };
		1ACFE3052600F05C000AEEE0 /* CharacterEntity.swift in Sources */ = {isa = PBXBuildFile; fileRef = 1ACFE3042600F05C000AEEE0 /* CharacterEntity.swift */; };
		1ACFE30A2600F11A000AEEE0 /* HealthComponent.swift in Sources */ = {isa = PBXBuildFile; fileRef = 1ACFE3092600F11A000AEEE0 /* HealthComponent.swift */; };
		1ACFE30F2600F1B9000AEEE0 /* AnimationCharacterComponent.swift in Sources */ = {isa = PBXBuildFile; fileRef = 1ACFE30E2600F1B9000AEEE0 /* AnimationCharacterComponent.swift */; };
		566392B2260E0F210054B59C /* DrawComponent.swift in Sources */ = {isa = PBXBuildFile; fileRef = 566392B1260E0F210054B59C /* DrawComponent.swift */; };
		566392B7260E10E90054B59C /* CordeisLevel.swift in Sources */ = {isa = PBXBuildFile; fileRef = 566392B6260E10E90054B59C /* CordeisLevel.swift */; };
		566392BC260E2D460054B59C /* CordeisData.swift in Sources */ = {isa = PBXBuildFile; fileRef = 566392BB260E2D460054B59C /* CordeisData.swift */; };
		56D4BCBC2600F7A20020B03E /* DrawingControlEntity.swift in Sources */ = {isa = PBXBuildFile; fileRef = 56D4BCBB2600F7A20020B03E /* DrawingControlEntity.swift */; };
		880F705D2603738200CD3E74 /* TimeComponent.swift in Sources */ = {isa = PBXBuildFile; fileRef = 880F705C2603738200CD3E74 /* TimeComponent.swift */; };
		882E91BE25FFAA1200FD4825 /* AppDelegate.swift in Sources */ = {isa = PBXBuildFile; fileRef = 882E91BD25FFAA1200FD4825 /* AppDelegate.swift */; };
		882E91C025FFAA1200FD4825 /* SceneDelegate.swift in Sources */ = {isa = PBXBuildFile; fileRef = 882E91BF25FFAA1200FD4825 /* SceneDelegate.swift */; };
		882E91C725FFAA1400FD4825 /* Assets.xcassets in Resources */ = {isa = PBXBuildFile; fileRef = 882E91C625FFAA1400FD4825 /* Assets.xcassets */; };
		882E91CA25FFAA1400FD4825 /* LaunchScreen.storyboard in Resources */ = {isa = PBXBuildFile; fileRef = 882E91C825FFAA1400FD4825 /* LaunchScreen.storyboard */; };
		882E91D525FFAA1400FD4825 /* CordelGameTests.swift in Sources */ = {isa = PBXBuildFile; fileRef = 882E91D425FFAA1400FD4825 /* CordelGameTests.swift */; };
		882E91E025FFAA1400FD4825 /* CordelGameUITests.swift in Sources */ = {isa = PBXBuildFile; fileRef = 882E91DF25FFAA1400FD4825 /* CordelGameUITests.swift */; };
		882E91F825FFAF6E00FD4825 /* .swiftlint.yml in Resources */ = {isa = PBXBuildFile; fileRef = 882E91F725FFAF6E00FD4825 /* .swiftlint.yml */; };
		882E92152600D45E00FD4825 /* ModelsEmpty in Resources */ = {isa = PBXBuildFile; fileRef = 882E92142600D45E00FD4825 /* ModelsEmpty */; };
		882E921D2600D47200FD4825 /* ManagerEmpty in Resources */ = {isa = PBXBuildFile; fileRef = 882E921C2600D47200FD4825 /* ManagerEmpty */; };
		882E92272600D49800FD4825 /* EntitiesEmpty in Resources */ = {isa = PBXBuildFile; fileRef = 882E92262600D49800FD4825 /* EntitiesEmpty */; };
		882E92432602247300FD4825 /* TimeBarEntity.swift in Sources */ = {isa = PBXBuildFile; fileRef = 882E92422602247300FD4825 /* TimeBarEntity.swift */; };
		886D9ECB260A2F74006E3870 /* EnemiesLevel1.swift in Sources */ = {isa = PBXBuildFile; fileRef = 886D9ECA260A2F74006E3870 /* EnemiesLevel1.swift */; };
		88AD4785261B3C290042D778 /* GameManager.swift in Sources */ = {isa = PBXBuildFile; fileRef = 88AD4784261B3C290042D778 /* GameManager.swift */; };
		A28E0BA0260B82E20031DF35 /* CordelEntity.swift in Sources */ = {isa = PBXBuildFile; fileRef = A28E0B9F260B82E20031DF35 /* CordelEntity.swift */; };
		A2AA84602600E12600D24369 /* GameViewController.swift in Sources */ = {isa = PBXBuildFile; fileRef = A2AA845F2600E12600D24369 /* GameViewController.swift */; };
		A2AA84652600E16700D24369 /* GameController.swift in Sources */ = {isa = PBXBuildFile; fileRef = A2AA84642600E16700D24369 /* GameController.swift */; };
		A2AA846A2600E1FD00D24369 /* GamePlayScene.swift in Sources */ = {isa = PBXBuildFile; fileRef = A2AA84692600E1FD00D24369 /* GamePlayScene.swift */; };
		A2AA847B2600EA6700D24369 /* VisualComponent.swift in Sources */ = {isa = PBXBuildFile; fileRef = A2AA847A2600EA6700D24369 /* VisualComponent.swift */; };
		A2AA84862600EB4700D24369 /* VisualComponentTests.swift in Sources */ = {isa = PBXBuildFile; fileRef = A2AA84852600EB4700D24369 /* VisualComponentTests.swift */; };
		A2AA84942600F25400D24369 /* LandscapeEntity.swift in Sources */ = {isa = PBXBuildFile; fileRef = A2AA84932600F25400D24369 /* LandscapeEntity.swift */; };
		A2AA84992600F42700D24369 /* LandscapeEntityTests.swift in Sources */ = {isa = PBXBuildFile; fileRef = A2AA84982600F42700D24369 /* LandscapeEntityTests.swift */; };
/* End PBXBuildFile section */

/* Begin PBXContainerItemProxy section */
		882E91D125FFAA1400FD4825 /* PBXContainerItemProxy */ = {
			isa = PBXContainerItemProxy;
			containerPortal = 882E91B225FFAA1200FD4825 /* Project object */;
			proxyType = 1;
			remoteGlobalIDString = 882E91B925FFAA1200FD4825;
			remoteInfo = CordelGame;
		};
		882E91DC25FFAA1400FD4825 /* PBXContainerItemProxy */ = {
			isa = PBXContainerItemProxy;
			containerPortal = 882E91B225FFAA1200FD4825 /* Project object */;
			proxyType = 1;
			remoteGlobalIDString = 882E91B925FFAA1200FD4825;
			remoteInfo = CordelGame;
		};
/* End PBXContainerItemProxy section */

/* Begin PBXFileReference section */
		1A0BC7872602279B0046A146 /* HealthComponentTests.swift */ = {isa = PBXFileReference; lastKnownFileType = sourcecode.swift; path = HealthComponentTests.swift; sourceTree = "<group>"; };
		1A28D4B3260392880099C03C /* AnimateCharacter.swift */ = {isa = PBXFileReference; lastKnownFileType = sourcecode.swift; path = AnimateCharacter.swift; sourceTree = "<group>"; };
		1A28D4B8260396160099C03C /* AnimationCharacterComponentTests.swift */ = {isa = PBXFileReference; lastKnownFileType = sourcecode.swift; path = AnimationCharacterComponentTests.swift; sourceTree = "<group>"; };
		1A8381752604E35C007E251E /* CharacterEntityTests.swift */ = {isa = PBXFileReference; lastKnownFileType = sourcecode.swift; path = CharacterEntityTests.swift; sourceTree = "<group>"; };
		1ACFE3042600F05C000AEEE0 /* CharacterEntity.swift */ = {isa = PBXFileReference; lastKnownFileType = sourcecode.swift; path = CharacterEntity.swift; sourceTree = "<group>"; };
		1ACFE3092600F11A000AEEE0 /* HealthComponent.swift */ = {isa = PBXFileReference; lastKnownFileType = sourcecode.swift; path = HealthComponent.swift; sourceTree = "<group>"; };
		1ACFE30E2600F1B9000AEEE0 /* AnimationCharacterComponent.swift */ = {isa = PBXFileReference; lastKnownFileType = sourcecode.swift; path = AnimationCharacterComponent.swift; sourceTree = "<group>"; };
		566392B1260E0F210054B59C /* DrawComponent.swift */ = {isa = PBXFileReference; lastKnownFileType = sourcecode.swift; path = DrawComponent.swift; sourceTree = "<group>"; };
		566392B6260E10E90054B59C /* CordeisLevel.swift */ = {isa = PBXFileReference; lastKnownFileType = sourcecode.swift; path = CordeisLevel.swift; sourceTree = "<group>"; };
		566392BB260E2D460054B59C /* CordeisData.swift */ = {isa = PBXFileReference; lastKnownFileType = sourcecode.swift; path = CordeisData.swift; sourceTree = "<group>"; };
		56D4BCBB2600F7A20020B03E /* DrawingControlEntity.swift */ = {isa = PBXFileReference; lastKnownFileType = sourcecode.swift; path = DrawingControlEntity.swift; sourceTree = "<group>"; };
		880F705C2603738200CD3E74 /* TimeComponent.swift */ = {isa = PBXFileReference; lastKnownFileType = sourcecode.swift; path = TimeComponent.swift; sourceTree = "<group>"; };
		882E91BA25FFAA1200FD4825 /* CordelGame.app */ = {isa = PBXFileReference; explicitFileType = wrapper.application; includeInIndex = 0; path = CordelGame.app; sourceTree = BUILT_PRODUCTS_DIR; };
		882E91BD25FFAA1200FD4825 /* AppDelegate.swift */ = {isa = PBXFileReference; lastKnownFileType = sourcecode.swift; path = AppDelegate.swift; sourceTree = "<group>"; };
		882E91BF25FFAA1200FD4825 /* SceneDelegate.swift */ = {isa = PBXFileReference; lastKnownFileType = sourcecode.swift; path = SceneDelegate.swift; sourceTree = "<group>"; };
		882E91C625FFAA1400FD4825 /* Assets.xcassets */ = {isa = PBXFileReference; lastKnownFileType = folder.assetcatalog; path = Assets.xcassets; sourceTree = "<group>"; };
		882E91C925FFAA1400FD4825 /* Base */ = {isa = PBXFileReference; lastKnownFileType = file.storyboard; name = Base; path = Base.lproj/LaunchScreen.storyboard; sourceTree = "<group>"; };
		882E91CB25FFAA1400FD4825 /* Info.plist */ = {isa = PBXFileReference; lastKnownFileType = text.plist.xml; path = Info.plist; sourceTree = "<group>"; };
		882E91D025FFAA1400FD4825 /* CordelGameTests.xctest */ = {isa = PBXFileReference; explicitFileType = wrapper.cfbundle; includeInIndex = 0; path = CordelGameTests.xctest; sourceTree = BUILT_PRODUCTS_DIR; };
		882E91D425FFAA1400FD4825 /* CordelGameTests.swift */ = {isa = PBXFileReference; lastKnownFileType = sourcecode.swift; path = CordelGameTests.swift; sourceTree = "<group>"; };
		882E91D625FFAA1400FD4825 /* Info.plist */ = {isa = PBXFileReference; lastKnownFileType = text.plist.xml; path = Info.plist; sourceTree = "<group>"; };
		882E91DB25FFAA1400FD4825 /* CordelGameUITests.xctest */ = {isa = PBXFileReference; explicitFileType = wrapper.cfbundle; includeInIndex = 0; path = CordelGameUITests.xctest; sourceTree = BUILT_PRODUCTS_DIR; };
		882E91DF25FFAA1400FD4825 /* CordelGameUITests.swift */ = {isa = PBXFileReference; lastKnownFileType = sourcecode.swift; path = CordelGameUITests.swift; sourceTree = "<group>"; };
		882E91E125FFAA1400FD4825 /* Info.plist */ = {isa = PBXFileReference; lastKnownFileType = text.plist.xml; path = Info.plist; sourceTree = "<group>"; };
		882E91F725FFAF6E00FD4825 /* .swiftlint.yml */ = {isa = PBXFileReference; lastKnownFileType = text.yaml; path = .swiftlint.yml; sourceTree = "<group>"; };
		882E92142600D45E00FD4825 /* ModelsEmpty */ = {isa = PBXFileReference; lastKnownFileType = text; path = ModelsEmpty; sourceTree = "<group>"; };
		882E921C2600D47200FD4825 /* ManagerEmpty */ = {isa = PBXFileReference; lastKnownFileType = text; path = ManagerEmpty; sourceTree = "<group>"; };
		882E92262600D49800FD4825 /* EntitiesEmpty */ = {isa = PBXFileReference; lastKnownFileType = text; path = EntitiesEmpty; sourceTree = "<group>"; };
		882E92422602247300FD4825 /* TimeBarEntity.swift */ = {isa = PBXFileReference; lastKnownFileType = sourcecode.swift; path = TimeBarEntity.swift; sourceTree = "<group>"; };
		886D9ECA260A2F74006E3870 /* EnemiesLevel1.swift */ = {isa = PBXFileReference; lastKnownFileType = sourcecode.swift; path = EnemiesLevel1.swift; sourceTree = "<group>"; };
		88AD4784261B3C290042D778 /* GameManager.swift */ = {isa = PBXFileReference; lastKnownFileType = sourcecode.swift; path = GameManager.swift; sourceTree = "<group>"; };
		A28E0B9F260B82E20031DF35 /* CordelEntity.swift */ = {isa = PBXFileReference; lastKnownFileType = sourcecode.swift; path = CordelEntity.swift; sourceTree = "<group>"; };
		A2AA845F2600E12600D24369 /* GameViewController.swift */ = {isa = PBXFileReference; lastKnownFileType = sourcecode.swift; path = GameViewController.swift; sourceTree = "<group>"; };
		A2AA84642600E16700D24369 /* GameController.swift */ = {isa = PBXFileReference; lastKnownFileType = sourcecode.swift; path = GameController.swift; sourceTree = "<group>"; };
		A2AA84692600E1FD00D24369 /* GamePlayScene.swift */ = {isa = PBXFileReference; lastKnownFileType = sourcecode.swift; path = GamePlayScene.swift; sourceTree = "<group>"; };
		A2AA847A2600EA6700D24369 /* VisualComponent.swift */ = {isa = PBXFileReference; lastKnownFileType = sourcecode.swift; path = VisualComponent.swift; sourceTree = "<group>"; };
		A2AA84852600EB4700D24369 /* VisualComponentTests.swift */ = {isa = PBXFileReference; lastKnownFileType = sourcecode.swift; path = VisualComponentTests.swift; sourceTree = "<group>"; };
		A2AA84932600F25400D24369 /* LandscapeEntity.swift */ = {isa = PBXFileReference; lastKnownFileType = sourcecode.swift; path = LandscapeEntity.swift; sourceTree = "<group>"; };
		A2AA84982600F42700D24369 /* LandscapeEntityTests.swift */ = {isa = PBXFileReference; lastKnownFileType = sourcecode.swift; path = LandscapeEntityTests.swift; sourceTree = "<group>"; };
/* End PBXFileReference section */

/* Begin PBXFrameworksBuildPhase section */
		882E91B725FFAA1200FD4825 /* Frameworks */ = {
			isa = PBXFrameworksBuildPhase;
			buildActionMask = 2147483647;
			files = (
			);
			runOnlyForDeploymentPostprocessing = 0;
		};
		882E91CD25FFAA1400FD4825 /* Frameworks */ = {
			isa = PBXFrameworksBuildPhase;
			buildActionMask = 2147483647;
			files = (
			);
			runOnlyForDeploymentPostprocessing = 0;
		};
		882E91D825FFAA1400FD4825 /* Frameworks */ = {
			isa = PBXFrameworksBuildPhase;
			buildActionMask = 2147483647;
			files = (
			);
			runOnlyForDeploymentPostprocessing = 0;
		};
/* End PBXFrameworksBuildPhase section */

/* Begin PBXGroup section */
		882E91B125FFAA1200FD4825 = {
			isa = PBXGroup;
			children = (
				882E91F725FFAF6E00FD4825 /* .swiftlint.yml */,
				882E91BC25FFAA1200FD4825 /* CordelGame */,
				882E91D325FFAA1400FD4825 /* CordelGameTests */,
				882E91DE25FFAA1400FD4825 /* CordelGameUITests */,
				882E91BB25FFAA1200FD4825 /* Products */,
			);
			sourceTree = "<group>";
		};
		882E91BB25FFAA1200FD4825 /* Products */ = {
			isa = PBXGroup;
			children = (
				882E91BA25FFAA1200FD4825 /* CordelGame.app */,
				882E91D025FFAA1400FD4825 /* CordelGameTests.xctest */,
				882E91DB25FFAA1400FD4825 /* CordelGameUITests.xctest */,
			);
			name = Products;
			sourceTree = "<group>";
		};
		882E91BC25FFAA1200FD4825 /* CordelGame */ = {
			isa = PBXGroup;
			children = (
				882E92132600D3E100FD4825 /* Controllers */,
				882E92122600D3D300FD4825 /* Models */,
				882E92112600D3AD00FD4825 /* Managers */,
				882E92102600D37D00FD4825 /* Shared */,
				882E920F2600D36900FD4825 /* Components */,
				882E920E2600D35A00FD4825 /* Entities */,
				882E920D2600D34D00FD4825 /* Scenes */,
				882E91C625FFAA1400FD4825 /* Assets.xcassets */,
				882E91CB25FFAA1400FD4825 /* Info.plist */,
			);
			path = CordelGame;
			sourceTree = "<group>";
		};
		882E91D325FFAA1400FD4825 /* CordelGameTests */ = {
			isa = PBXGroup;
			children = (
				882E91D425FFAA1400FD4825 /* CordelGameTests.swift */,
				882E91D625FFAA1400FD4825 /* Info.plist */,
				A2AA84852600EB4700D24369 /* VisualComponentTests.swift */,
				1A0BC7872602279B0046A146 /* HealthComponentTests.swift */,
				1A28D4B8260396160099C03C /* AnimationCharacterComponentTests.swift */,
				1A8381752604E35C007E251E /* CharacterEntityTests.swift */,
				A2AA84982600F42700D24369 /* LandscapeEntityTests.swift */,
			);
			path = CordelGameTests;
			sourceTree = "<group>";
		};
		882E91DE25FFAA1400FD4825 /* CordelGameUITests */ = {
			isa = PBXGroup;
			children = (
				882E91DF25FFAA1400FD4825 /* CordelGameUITests.swift */,
				882E91E125FFAA1400FD4825 /* Info.plist */,
			);
			path = CordelGameUITests;
			sourceTree = "<group>";
		};
		882E920D2600D34D00FD4825 /* Scenes */ = {
			isa = PBXGroup;
			children = (
				A2AA84692600E1FD00D24369 /* GamePlayScene.swift */,
			);
			path = Scenes;
			sourceTree = "<group>";
		};
		882E920E2600D35A00FD4825 /* Entities */ = {
			isa = PBXGroup;
			children = (
				882E92262600D49800FD4825 /* EntitiesEmpty */,
				882E92422602247300FD4825 /* TimeBarEntity.swift */,
				1ACFE3042600F05C000AEEE0 /* CharacterEntity.swift */,
				A2AA84932600F25400D24369 /* LandscapeEntity.swift */,
				56D4BCBB2600F7A20020B03E /* DrawingControlEntity.swift */,
				A28E0B9F260B82E20031DF35 /* CordelEntity.swift */,
			);
			path = Entities;
			sourceTree = "<group>";
		};
		882E920F2600D36900FD4825 /* Components */ = {
			isa = PBXGroup;
			children = (
				A2AA847A2600EA6700D24369 /* VisualComponent.swift */,
				880F705C2603738200CD3E74 /* TimeComponent.swift */,
				1ACFE3092600F11A000AEEE0 /* HealthComponent.swift */,
				1ACFE30E2600F1B9000AEEE0 /* AnimationCharacterComponent.swift */,
				566392B1260E0F210054B59C /* DrawComponent.swift */,
			);
			path = Components;
			sourceTree = "<group>";
		};
		882E92102600D37D00FD4825 /* Shared */ = {
			isa = PBXGroup;
			children = (
				882E91BD25FFAA1200FD4825 /* AppDelegate.swift */,
				882E91BF25FFAA1200FD4825 /* SceneDelegate.swift */,
				882E91C825FFAA1400FD4825 /* LaunchScreen.storyboard */,
			);
			path = Shared;
			sourceTree = "<group>";
		};
		882E92112600D3AD00FD4825 /* Managers */ = {
			isa = PBXGroup;
			children = (
				882E921C2600D47200FD4825 /* ManagerEmpty */,
				88AD4784261B3C290042D778 /* GameManager.swift */,
			);
			path = Managers;
			sourceTree = "<group>";
		};
		882E92122600D3D300FD4825 /* Models */ = {
			isa = PBXGroup;
			children = (
				882E92142600D45E00FD4825 /* ModelsEmpty */,
				1A28D4B3260392880099C03C /* AnimateCharacter.swift */,
				886D9ECA260A2F74006E3870 /* EnemiesLevel1.swift */,
				566392B6260E10E90054B59C /* CordeisLevel.swift */,
				566392BB260E2D460054B59C /* CordeisData.swift */,
			);
			path = Models;
			sourceTree = "<group>";
		};
		882E92132600D3E100FD4825 /* Controllers */ = {
			isa = PBXGroup;
			children = (
				A2AA845F2600E12600D24369 /* GameViewController.swift */,
				A2AA84642600E16700D24369 /* GameController.swift */,
			);
			path = Controllers;
			sourceTree = "<group>";
		};
/* End PBXGroup section */

/* Begin PBXNativeTarget section */
		882E91B925FFAA1200FD4825 /* CordelGame */ = {
			isa = PBXNativeTarget;
			buildConfigurationList = 882E91E425FFAA1400FD4825 /* Build configuration list for PBXNativeTarget "CordelGame" */;
			buildPhases = (
				882E91B625FFAA1200FD4825 /* Sources */,
				882E91B725FFAA1200FD4825 /* Frameworks */,
				882E91B825FFAA1200FD4825 /* Resources */,
				882E91F325FFAD6A00FD4825 /* ShellScript */,
			);
			buildRules = (
			);
			dependencies = (
			);
			name = CordelGame;
			productName = CordelGame;
			productReference = 882E91BA25FFAA1200FD4825 /* CordelGame.app */;
			productType = "com.apple.product-type.application";
		};
		882E91CF25FFAA1400FD4825 /* CordelGameTests */ = {
			isa = PBXNativeTarget;
			buildConfigurationList = 882E91E725FFAA1400FD4825 /* Build configuration list for PBXNativeTarget "CordelGameTests" */;
			buildPhases = (
				882E91CC25FFAA1400FD4825 /* Sources */,
				882E91CD25FFAA1400FD4825 /* Frameworks */,
				882E91CE25FFAA1400FD4825 /* Resources */,
			);
			buildRules = (
			);
			dependencies = (
				882E91D225FFAA1400FD4825 /* PBXTargetDependency */,
			);
			name = CordelGameTests;
			productName = CordelGameTests;
			productReference = 882E91D025FFAA1400FD4825 /* CordelGameTests.xctest */;
			productType = "com.apple.product-type.bundle.unit-test";
		};
		882E91DA25FFAA1400FD4825 /* CordelGameUITests */ = {
			isa = PBXNativeTarget;
			buildConfigurationList = 882E91EA25FFAA1400FD4825 /* Build configuration list for PBXNativeTarget "CordelGameUITests" */;
			buildPhases = (
				882E91D725FFAA1400FD4825 /* Sources */,
				882E91D825FFAA1400FD4825 /* Frameworks */,
				882E91D925FFAA1400FD4825 /* Resources */,
			);
			buildRules = (
			);
			dependencies = (
				882E91DD25FFAA1400FD4825 /* PBXTargetDependency */,
			);
			name = CordelGameUITests;
			productName = CordelGameUITests;
			productReference = 882E91DB25FFAA1400FD4825 /* CordelGameUITests.xctest */;
			productType = "com.apple.product-type.bundle.ui-testing";
		};
/* End PBXNativeTarget section */

/* Begin PBXProject section */
		882E91B225FFAA1200FD4825 /* Project object */ = {
			isa = PBXProject;
			attributes = {
				LastSwiftUpdateCheck = 1240;
				LastUpgradeCheck = 1240;
				TargetAttributes = {
					882E91B925FFAA1200FD4825 = {
						CreatedOnToolsVersion = 12.4;
					};
					882E91CF25FFAA1400FD4825 = {
						CreatedOnToolsVersion = 12.4;
						TestTargetID = 882E91B925FFAA1200FD4825;
					};
					882E91DA25FFAA1400FD4825 = {
						CreatedOnToolsVersion = 12.4;
						TestTargetID = 882E91B925FFAA1200FD4825;
					};
				};
			};
			buildConfigurationList = 882E91B525FFAA1200FD4825 /* Build configuration list for PBXProject "CordelGame" */;
			compatibilityVersion = "Xcode 9.3";
			developmentRegion = en;
			hasScannedForEncodings = 0;
			knownRegions = (
				en,
				Base,
			);
			mainGroup = 882E91B125FFAA1200FD4825;
			productRefGroup = 882E91BB25FFAA1200FD4825 /* Products */;
			projectDirPath = "";
			projectRoot = "";
			targets = (
				882E91B925FFAA1200FD4825 /* CordelGame */,
				882E91CF25FFAA1400FD4825 /* CordelGameTests */,
				882E91DA25FFAA1400FD4825 /* CordelGameUITests */,
			);
		};
/* End PBXProject section */

/* Begin PBXResourcesBuildPhase section */
		882E91B825FFAA1200FD4825 /* Resources */ = {
			isa = PBXResourcesBuildPhase;
			buildActionMask = 2147483647;
			files = (
				882E91F825FFAF6E00FD4825 /* .swiftlint.yml in Resources */,
				882E921D2600D47200FD4825 /* ManagerEmpty in Resources */,
				882E91CA25FFAA1400FD4825 /* LaunchScreen.storyboard in Resources */,
				882E92152600D45E00FD4825 /* ModelsEmpty in Resources */,
				882E92272600D49800FD4825 /* EntitiesEmpty in Resources */,
				882E91C725FFAA1400FD4825 /* Assets.xcassets in Resources */,
			);
			runOnlyForDeploymentPostprocessing = 0;
		};
		882E91CE25FFAA1400FD4825 /* Resources */ = {
			isa = PBXResourcesBuildPhase;
			buildActionMask = 2147483647;
			files = (
			);
			runOnlyForDeploymentPostprocessing = 0;
		};
		882E91D925FFAA1400FD4825 /* Resources */ = {
			isa = PBXResourcesBuildPhase;
			buildActionMask = 2147483647;
			files = (
			);
			runOnlyForDeploymentPostprocessing = 0;
		};
/* End PBXResourcesBuildPhase section */

/* Begin PBXShellScriptBuildPhase section */
		882E91F325FFAD6A00FD4825 /* ShellScript */ = {
			isa = PBXShellScriptBuildPhase;
			buildActionMask = 2147483647;
			files = (
			);
			inputFileListPaths = (
			);
			inputPaths = (
			);
			outputFileListPaths = (
			);
			outputPaths = (
			);
			runOnlyForDeploymentPostprocessing = 0;
			shellPath = /bin/sh;
			shellScript = "if which swiftlint >/dev/null; then\n  swiftlint\nelse\n  echo \"warning: SwiftLint not installed, download from https://github.com/realm/SwiftLint\"\nfi\n";
		};
/* End PBXShellScriptBuildPhase section */

/* Begin PBXSourcesBuildPhase section */
		882E91B625FFAA1200FD4825 /* Sources */ = {
			isa = PBXSourcesBuildPhase;
			buildActionMask = 2147483647;
			files = (
				566392BC260E2D460054B59C /* CordeisData.swift in Sources */,
				886D9ECB260A2F74006E3870 /* EnemiesLevel1.swift in Sources */,
				880F705D2603738200CD3E74 /* TimeComponent.swift in Sources */,
				A2AA84602600E12600D24369 /* GameViewController.swift in Sources */,
				A28E0BA0260B82E20031DF35 /* CordelEntity.swift in Sources */,
				1ACFE30F2600F1B9000AEEE0 /* AnimationCharacterComponent.swift in Sources */,
				1ACFE30A2600F11A000AEEE0 /* HealthComponent.swift in Sources */,
				566392B7260E10E90054B59C /* CordeisLevel.swift in Sources */,
				A2AA84652600E16700D24369 /* GameController.swift in Sources */,
				88AD4785261B3C290042D778 /* GameManager.swift in Sources */,
				1ACFE3052600F05C000AEEE0 /* CharacterEntity.swift in Sources */,
				A2AA846A2600E1FD00D24369 /* GamePlayScene.swift in Sources */,
				882E92432602247300FD4825 /* TimeBarEntity.swift in Sources */,
				A2AA84942600F25400D24369 /* LandscapeEntity.swift in Sources */,
				A2AA847B2600EA6700D24369 /* VisualComponent.swift in Sources */,
				882E91BE25FFAA1200FD4825 /* AppDelegate.swift in Sources */,
				882E91C025FFAA1200FD4825 /* SceneDelegate.swift in Sources */,
				1A28D4B4260392880099C03C /* AnimateCharacter.swift in Sources */,
				566392B2260E0F210054B59C /* DrawComponent.swift in Sources */,
				56D4BCBC2600F7A20020B03E /* DrawingControlEntity.swift in Sources */,
			);
			runOnlyForDeploymentPostprocessing = 0;
		};
		882E91CC25FFAA1400FD4825 /* Sources */ = {
			isa = PBXSourcesBuildPhase;
			buildActionMask = 2147483647;
			files = (
				1A28D4B9260396160099C03C /* AnimationCharacterComponentTests.swift in Sources */,
				A2AA84992600F42700D24369 /* LandscapeEntityTests.swift in Sources */,
				882E91D525FFAA1400FD4825 /* CordelGameTests.swift in Sources */,
				1A8381762604E35C007E251E /* CharacterEntityTests.swift in Sources */,
				A2AA84862600EB4700D24369 /* VisualComponentTests.swift in Sources */,
				1A0BC7882602279B0046A146 /* HealthComponentTests.swift in Sources */,
			);
			runOnlyForDeploymentPostprocessing = 0;
		};
		882E91D725FFAA1400FD4825 /* Sources */ = {
			isa = PBXSourcesBuildPhase;
			buildActionMask = 2147483647;
			files = (
				882E91E025FFAA1400FD4825 /* CordelGameUITests.swift in Sources */,
			);
			runOnlyForDeploymentPostprocessing = 0;
		};
/* End PBXSourcesBuildPhase section */

/* Begin PBXTargetDependency section */
		882E91D225FFAA1400FD4825 /* PBXTargetDependency */ = {
			isa = PBXTargetDependency;
			target = 882E91B925FFAA1200FD4825 /* CordelGame */;
			targetProxy = 882E91D125FFAA1400FD4825 /* PBXContainerItemProxy */;
		};
		882E91DD25FFAA1400FD4825 /* PBXTargetDependency */ = {
			isa = PBXTargetDependency;
			target = 882E91B925FFAA1200FD4825 /* CordelGame */;
			targetProxy = 882E91DC25FFAA1400FD4825 /* PBXContainerItemProxy */;
		};
/* End PBXTargetDependency section */

/* Begin PBXVariantGroup section */
		882E91C825FFAA1400FD4825 /* LaunchScreen.storyboard */ = {
			isa = PBXVariantGroup;
			children = (
				882E91C925FFAA1400FD4825 /* Base */,
			);
			name = LaunchScreen.storyboard;
			sourceTree = "<group>";
		};
/* End PBXVariantGroup section */

/* Begin XCBuildConfiguration section */
		882E91E225FFAA1400FD4825 /* Debug */ = {
			isa = XCBuildConfiguration;
			buildSettings = {
				ALWAYS_SEARCH_USER_PATHS = NO;
				CLANG_ANALYZER_NONNULL = YES;
				CLANG_ANALYZER_NUMBER_OBJECT_CONVERSION = YES_AGGRESSIVE;
				CLANG_CXX_LANGUAGE_STANDARD = "gnu++14";
				CLANG_CXX_LIBRARY = "libc++";
				CLANG_ENABLE_MODULES = YES;
				CLANG_ENABLE_OBJC_ARC = YES;
				CLANG_ENABLE_OBJC_WEAK = YES;
				CLANG_WARN_BLOCK_CAPTURE_AUTORELEASING = YES;
				CLANG_WARN_BOOL_CONVERSION = YES;
				CLANG_WARN_COMMA = YES;
				CLANG_WARN_CONSTANT_CONVERSION = YES;
				CLANG_WARN_DEPRECATED_OBJC_IMPLEMENTATIONS = YES;
				CLANG_WARN_DIRECT_OBJC_ISA_USAGE = YES_ERROR;
				CLANG_WARN_DOCUMENTATION_COMMENTS = YES;
				CLANG_WARN_EMPTY_BODY = YES;
				CLANG_WARN_ENUM_CONVERSION = YES;
				CLANG_WARN_INFINITE_RECURSION = YES;
				CLANG_WARN_INT_CONVERSION = YES;
				CLANG_WARN_NON_LITERAL_NULL_CONVERSION = YES;
				CLANG_WARN_OBJC_IMPLICIT_RETAIN_SELF = YES;
				CLANG_WARN_OBJC_LITERAL_CONVERSION = YES;
				CLANG_WARN_OBJC_ROOT_CLASS = YES_ERROR;
				CLANG_WARN_QUOTED_INCLUDE_IN_FRAMEWORK_HEADER = YES;
				CLANG_WARN_RANGE_LOOP_ANALYSIS = YES;
				CLANG_WARN_STRICT_PROTOTYPES = YES;
				CLANG_WARN_SUSPICIOUS_MOVE = YES;
				CLANG_WARN_UNGUARDED_AVAILABILITY = YES_AGGRESSIVE;
				CLANG_WARN_UNREACHABLE_CODE = YES;
				CLANG_WARN__DUPLICATE_METHOD_MATCH = YES;
				COPY_PHASE_STRIP = NO;
				DEBUG_INFORMATION_FORMAT = dwarf;
				ENABLE_STRICT_OBJC_MSGSEND = YES;
				ENABLE_TESTABILITY = YES;
				GCC_C_LANGUAGE_STANDARD = gnu11;
				GCC_DYNAMIC_NO_PIC = NO;
				GCC_NO_COMMON_BLOCKS = YES;
				GCC_OPTIMIZATION_LEVEL = 0;
				GCC_PREPROCESSOR_DEFINITIONS = (
					"DEBUG=1",
					"$(inherited)",
				);
				GCC_WARN_64_TO_32_BIT_CONVERSION = YES;
				GCC_WARN_ABOUT_RETURN_TYPE = YES_ERROR;
				GCC_WARN_UNDECLARED_SELECTOR = YES;
				GCC_WARN_UNINITIALIZED_AUTOS = YES_AGGRESSIVE;
				GCC_WARN_UNUSED_FUNCTION = YES;
				GCC_WARN_UNUSED_VARIABLE = YES;
				IPHONEOS_DEPLOYMENT_TARGET = 14.4;
				MTL_ENABLE_DEBUG_INFO = INCLUDE_SOURCE;
				MTL_FAST_MATH = YES;
				ONLY_ACTIVE_ARCH = YES;
				SDKROOT = iphoneos;
				SWIFT_ACTIVE_COMPILATION_CONDITIONS = DEBUG;
				SWIFT_OPTIMIZATION_LEVEL = "-Onone";
			};
			name = Debug;
		};
		882E91E325FFAA1400FD4825 /* Release */ = {
			isa = XCBuildConfiguration;
			buildSettings = {
				ALWAYS_SEARCH_USER_PATHS = NO;
				CLANG_ANALYZER_NONNULL = YES;
				CLANG_ANALYZER_NUMBER_OBJECT_CONVERSION = YES_AGGRESSIVE;
				CLANG_CXX_LANGUAGE_STANDARD = "gnu++14";
				CLANG_CXX_LIBRARY = "libc++";
				CLANG_ENABLE_MODULES = YES;
				CLANG_ENABLE_OBJC_ARC = YES;
				CLANG_ENABLE_OBJC_WEAK = YES;
				CLANG_WARN_BLOCK_CAPTURE_AUTORELEASING = YES;
				CLANG_WARN_BOOL_CONVERSION = YES;
				CLANG_WARN_COMMA = YES;
				CLANG_WARN_CONSTANT_CONVERSION = YES;
				CLANG_WARN_DEPRECATED_OBJC_IMPLEMENTATIONS = YES;
				CLANG_WARN_DIRECT_OBJC_ISA_USAGE = YES_ERROR;
				CLANG_WARN_DOCUMENTATION_COMMENTS = YES;
				CLANG_WARN_EMPTY_BODY = YES;
				CLANG_WARN_ENUM_CONVERSION = YES;
				CLANG_WARN_INFINITE_RECURSION = YES;
				CLANG_WARN_INT_CONVERSION = YES;
				CLANG_WARN_NON_LITERAL_NULL_CONVERSION = YES;
				CLANG_WARN_OBJC_IMPLICIT_RETAIN_SELF = YES;
				CLANG_WARN_OBJC_LITERAL_CONVERSION = YES;
				CLANG_WARN_OBJC_ROOT_CLASS = YES_ERROR;
				CLANG_WARN_QUOTED_INCLUDE_IN_FRAMEWORK_HEADER = YES;
				CLANG_WARN_RANGE_LOOP_ANALYSIS = YES;
				CLANG_WARN_STRICT_PROTOTYPES = YES;
				CLANG_WARN_SUSPICIOUS_MOVE = YES;
				CLANG_WARN_UNGUARDED_AVAILABILITY = YES_AGGRESSIVE;
				CLANG_WARN_UNREACHABLE_CODE = YES;
				CLANG_WARN__DUPLICATE_METHOD_MATCH = YES;
				COPY_PHASE_STRIP = NO;
				DEBUG_INFORMATION_FORMAT = "dwarf-with-dsym";
				ENABLE_NS_ASSERTIONS = NO;
				ENABLE_STRICT_OBJC_MSGSEND = YES;
				GCC_C_LANGUAGE_STANDARD = gnu11;
				GCC_NO_COMMON_BLOCKS = YES;
				GCC_WARN_64_TO_32_BIT_CONVERSION = YES;
				GCC_WARN_ABOUT_RETURN_TYPE = YES_ERROR;
				GCC_WARN_UNDECLARED_SELECTOR = YES;
				GCC_WARN_UNINITIALIZED_AUTOS = YES_AGGRESSIVE;
				GCC_WARN_UNUSED_FUNCTION = YES;
				GCC_WARN_UNUSED_VARIABLE = YES;
				IPHONEOS_DEPLOYMENT_TARGET = 14.4;
				MTL_ENABLE_DEBUG_INFO = NO;
				MTL_FAST_MATH = YES;
				SDKROOT = iphoneos;
				SWIFT_COMPILATION_MODE = wholemodule;
				SWIFT_OPTIMIZATION_LEVEL = "-O";
				VALIDATE_PRODUCT = YES;
			};
			name = Release;
		};
		882E91E525FFAA1400FD4825 /* Debug */ = {
			isa = XCBuildConfiguration;
			buildSettings = {
				ASSETCATALOG_COMPILER_APPICON_NAME = AppIcon;
				ASSETCATALOG_COMPILER_GLOBAL_ACCENT_COLOR_NAME = AccentColor;
				CODE_SIGN_STYLE = Automatic;
				DEVELOPMENT_TEAM = "";
				INFOPLIST_FILE = CordelGame/Info.plist;
				LD_RUNPATH_SEARCH_PATHS = (
					"$(inherited)",
					"@executable_path/Frameworks",
				);
				PRODUCT_BUNDLE_IDENTIFIER = projects.CordelGame;
				PRODUCT_NAME = "$(TARGET_NAME)";
				SWIFT_VERSION = 5.0;
				TARGETED_DEVICE_FAMILY = 1;
			};
			name = Debug;
		};
		882E91E625FFAA1400FD4825 /* Release */ = {
			isa = XCBuildConfiguration;
			buildSettings = {
				ASSETCATALOG_COMPILER_APPICON_NAME = AppIcon;
				ASSETCATALOG_COMPILER_GLOBAL_ACCENT_COLOR_NAME = AccentColor;
				CODE_SIGN_STYLE = Automatic;
				DEVELOPMENT_TEAM = "";
				INFOPLIST_FILE = CordelGame/Info.plist;
				LD_RUNPATH_SEARCH_PATHS = (
					"$(inherited)",
					"@executable_path/Frameworks",
				);
				PRODUCT_BUNDLE_IDENTIFIER = projects.CordelGame;
				PRODUCT_NAME = "$(TARGET_NAME)";
				SWIFT_VERSION = 5.0;
				TARGETED_DEVICE_FAMILY = 1;
			};
			name = Release;
		};
		882E91E825FFAA1400FD4825 /* Debug */ = {
			isa = XCBuildConfiguration;
			buildSettings = {
				ALWAYS_EMBED_SWIFT_STANDARD_LIBRARIES = YES;
				BUNDLE_LOADER = "$(TEST_HOST)";
				CODE_SIGN_STYLE = Automatic;
				DEVELOPMENT_TEAM = BYHH9YALN2;
				INFOPLIST_FILE = CordelGameTests/Info.plist;
				IPHONEOS_DEPLOYMENT_TARGET = 14.4;
				LD_RUNPATH_SEARCH_PATHS = (
					"$(inherited)",
					"@executable_path/Frameworks",
					"@loader_path/Frameworks",
				);
				PRODUCT_BUNDLE_IDENTIFIER = projects.CordelGameTests;
				PRODUCT_NAME = "$(TARGET_NAME)";
				SWIFT_VERSION = 5.0;
				TARGETED_DEVICE_FAMILY = "1,2";
				TEST_HOST = "$(BUILT_PRODUCTS_DIR)/CordelGame.app/CordelGame";
			};
			name = Debug;
		};
		882E91E925FFAA1400FD4825 /* Release */ = {
			isa = XCBuildConfiguration;
			buildSettings = {
				ALWAYS_EMBED_SWIFT_STANDARD_LIBRARIES = YES;
				BUNDLE_LOADER = "$(TEST_HOST)";
				CODE_SIGN_STYLE = Automatic;
				DEVELOPMENT_TEAM = BYHH9YALN2;
				INFOPLIST_FILE = CordelGameTests/Info.plist;
				IPHONEOS_DEPLOYMENT_TARGET = 14.4;
				LD_RUNPATH_SEARCH_PATHS = (
					"$(inherited)",
					"@executable_path/Frameworks",
					"@loader_path/Frameworks",
				);
				PRODUCT_BUNDLE_IDENTIFIER = projects.CordelGameTests;
				PRODUCT_NAME = "$(TARGET_NAME)";
				SWIFT_VERSION = 5.0;
				TARGETED_DEVICE_FAMILY = "1,2";
				TEST_HOST = "$(BUILT_PRODUCTS_DIR)/CordelGame.app/CordelGame";
			};
			name = Release;
		};
		882E91EB25FFAA1400FD4825 /* Debug */ = {
			isa = XCBuildConfiguration;
			buildSettings = {
				ALWAYS_EMBED_SWIFT_STANDARD_LIBRARIES = YES;
				CODE_SIGN_STYLE = Automatic;
				DEVELOPMENT_TEAM = BYHH9YALN2;
				INFOPLIST_FILE = CordelGameUITests/Info.plist;
				LD_RUNPATH_SEARCH_PATHS = (
					"$(inherited)",
					"@executable_path/Frameworks",
					"@loader_path/Frameworks",
				);
				PRODUCT_BUNDLE_IDENTIFIER = projects.CordelGameUITests;
				PRODUCT_NAME = "$(TARGET_NAME)";
				SWIFT_VERSION = 5.0;
				TARGETED_DEVICE_FAMILY = "1,2";
				TEST_TARGET_NAME = CordelGame;
			};
			name = Debug;
		};
		882E91EC25FFAA1400FD4825 /* Release */ = {
			isa = XCBuildConfiguration;
			buildSettings = {
				ALWAYS_EMBED_SWIFT_STANDARD_LIBRARIES = YES;
				CODE_SIGN_STYLE = Automatic;
				DEVELOPMENT_TEAM = BYHH9YALN2;
				INFOPLIST_FILE = CordelGameUITests/Info.plist;
				LD_RUNPATH_SEARCH_PATHS = (
					"$(inherited)",
					"@executable_path/Frameworks",
					"@loader_path/Frameworks",
				);
				PRODUCT_BUNDLE_IDENTIFIER = projects.CordelGameUITests;
				PRODUCT_NAME = "$(TARGET_NAME)";
				SWIFT_VERSION = 5.0;
				TARGETED_DEVICE_FAMILY = "1,2";
				TEST_TARGET_NAME = CordelGame;
			};
			name = Release;
		};
/* End XCBuildConfiguration section */

/* Begin XCConfigurationList section */
		882E91B525FFAA1200FD4825 /* Build configuration list for PBXProject "CordelGame" */ = {
			isa = XCConfigurationList;
			buildConfigurations = (
				882E91E225FFAA1400FD4825 /* Debug */,
				882E91E325FFAA1400FD4825 /* Release */,
			);
			defaultConfigurationIsVisible = 0;
			defaultConfigurationName = Release;
		};
		882E91E425FFAA1400FD4825 /* Build configuration list for PBXNativeTarget "CordelGame" */ = {
			isa = XCConfigurationList;
			buildConfigurations = (
				882E91E525FFAA1400FD4825 /* Debug */,
				882E91E625FFAA1400FD4825 /* Release */,
			);
			defaultConfigurationIsVisible = 0;
			defaultConfigurationName = Release;
		};
		882E91E725FFAA1400FD4825 /* Build configuration list for PBXNativeTarget "CordelGameTests" */ = {
			isa = XCConfigurationList;
			buildConfigurations = (
				882E91E825FFAA1400FD4825 /* Debug */,
				882E91E925FFAA1400FD4825 /* Release */,
			);
			defaultConfigurationIsVisible = 0;
			defaultConfigurationName = Release;
		};
		882E91EA25FFAA1400FD4825 /* Build configuration list for PBXNativeTarget "CordelGameUITests" */ = {
			isa = XCConfigurationList;
			buildConfigurations = (
				882E91EB25FFAA1400FD4825 /* Debug */,
				882E91EC25FFAA1400FD4825 /* Release */,
			);
			defaultConfigurationIsVisible = 0;
			defaultConfigurationName = Release;
		};
/* End XCConfigurationList section */
	};
	rootObject = 882E91B225FFAA1200FD4825 /* Project object */;
}
